
Microsoft Visual Studio Solution File, Format Version 12.00
# Visual Studio 15
VisualStudioVersion = 15.0.34031.82
MinimumVisualStudioVersion = 10.0.40219.1
Project("{8BC9CEB8-8B4A-11D0-8D11-00A0C91BC942}") = "lab 5-6", "lab 5-6\lab 5-6.vcxproj", "{18D2E4F3-4380-4999-BD44-E113AA6F2896}"
EndProject
Global
	GlobalSection(SolutionConfigurationPlatforms) = preSolution
		Debug|x64 = Debug|x64
		Debug|x86 = Debug|x86
		Release|x64 = Release|x64
		Release|x86 = Release|x86
	EndGlobalSection
	GlobalSection(ProjectConfigurationPlatforms) = postSolution
		{18D2E4F3-4380-4999-BD44-E113AA6F2896}.Debug|x64.ActiveCfg = Debug|x64
		{18D2E4F3-4380-4999-BD44-E113AA6F2896}.Debug|x64.Build.0 = Debug|x64
		{18D2E4F3-4380-4999-BD44-E113AA6F2896}.Debug|x86.ActiveCfg = Debug|Win32
		{18D2E4F3-4380-4999-BD44-E113AA6F2896}.Debug|x86.Build.0 = Debug|Win32
		{18D2E4F3-4380-4999-BD44-E113AA6F2896}.Release|x64.ActiveCfg = Release|x64
		{18D2E4F3-4380-4999-BD44-E113AA6F2896}.Release|x64.Build.0 = Release|x64
		{18D2E4F3-4380-4999-BD44-E113AA6F2896}.Release|x86.ActiveCfg = Release|Win32
		{18D2E4F3-4380-4999-BD44-E113AA6F2896}.Release|x86.Build.0 = Release|Win32
	EndGlobalSection
	GlobalSection(SolutionProperties) = preSolution
		HideSolutionNode = FALSE
	EndGlobalSection
	GlobalSection(ExtensibilityGlobals) = postSolution
		SolutionGuid = {A3B589DA-EEB1-42FC-9361-02CB01B8CCA3}
	EndGlobalSection
EndGlobal
